// !$*UTF8*$!
{
	archiveVersion = 1;
	classes = {
	};
	objectVersion = 55;
	objects = {

/* Begin PBXBuildFile section */
		454FA27328B4F10B00EB9B53 /* Album.swift in Sources */ = {isa = PBXBuildFile; fileRef = 454FA27228B4F10B00EB9B53 /* Album.swift */; };
		454FA27628B4F13600EB9B53 /* AlbumListViewModel.swift in Sources */ = {isa = PBXBuildFile; fileRef = 454FA27528B4F13600EB9B53 /* AlbumListViewModel.swift */; };
		454FA27828B4F8FE00EB9B53 /* Song.swift in Sources */ = {isa = PBXBuildFile; fileRef = 454FA27728B4F8FE00EB9B53 /* Song.swift */; };
		454FA27A28B4F90800EB9B53 /* Movie.swift in Sources */ = {isa = PBXBuildFile; fileRef = 454FA27928B4F90800EB9B53 /* Movie.swift */; };
		454FA27C28B4FD6500EB9B53 /* AlbumListView.swift in Sources */ = {isa = PBXBuildFile; fileRef = 454FA27B28B4FD6500EB9B53 /* AlbumListView.swift */; };
		45F45DFD28B4EFAB00E381FE /* SwiftUI_iTunesApp.swift in Sources */ = {isa = PBXBuildFile; fileRef = 45F45DFC28B4EFAB00E381FE /* SwiftUI_iTunesApp.swift */; };
		45F45DFF28B4EFAB00E381FE /* ContentView.swift in Sources */ = {isa = PBXBuildFile; fileRef = 45F45DFE28B4EFAB00E381FE /* ContentView.swift */; };
		45F45E0128B4EFAC00E381FE /* Assets.xcassets in Resources */ = {isa = PBXBuildFile; fileRef = 45F45E0028B4EFAC00E381FE /* Assets.xcassets */; };
		45F45E0428B4EFAC00E381FE /* Preview Assets.xcassets in Resources */ = {isa = PBXBuildFile; fileRef = 45F45E0328B4EFAC00E381FE /* Preview Assets.xcassets */; };
/* End PBXBuildFile section */

/* Begin PBXFileReference section */
		454FA27228B4F10B00EB9B53 /* Album.swift */ = {isa = PBXFileReference; lastKnownFileType = sourcecode.swift; path = Album.swift; sourceTree = "<group>"; };
		454FA27528B4F13600EB9B53 /* AlbumListViewModel.swift */ = {isa = PBXFileReference; lastKnownFileType = sourcecode.swift; path = AlbumListViewModel.swift; sourceTree = "<group>"; };
		454FA27728B4F8FE00EB9B53 /* Song.swift */ = {isa = PBXFileReference; lastKnownFileType = sourcecode.swift; path = Song.swift; sourceTree = "<group>"; };
		454FA27928B4F90800EB9B53 /* Movie.swift */ = {isa = PBXFileReference; lastKnownFileType = sourcecode.swift; path = Movie.swift; sourceTree = "<group>"; };
		454FA27B28B4FD6500EB9B53 /* AlbumListView.swift */ = {isa = PBXFileReference; lastKnownFileType = sourcecode.swift; path = AlbumListView.swift; sourceTree = "<group>"; };
		45F45DF928B4EFAB00E381FE /* SwiftUI_iTunes.app */ = {isa = PBXFileReference; explicitFileType = wrapper.application; includeInIndex = 0; path = SwiftUI_iTunes.app; sourceTree = BUILT_PRODUCTS_DIR; };
		45F45DFC28B4EFAB00E381FE /* SwiftUI_iTunesApp.swift */ = {isa = PBXFileReference; lastKnownFileType = sourcecode.swift; path = SwiftUI_iTunesApp.swift; sourceTree = "<group>"; };
		45F45DFE28B4EFAB00E381FE /* ContentView.swift */ = {isa = PBXFileReference; lastKnownFileType = sourcecode.swift; path = ContentView.swift; sourceTree = "<group>"; };
		45F45E0028B4EFAC00E381FE /* Assets.xcassets */ = {isa = PBXFileReference; lastKnownFileType = folder.assetcatalog; path = Assets.xcassets; sourceTree = "<group>"; };
		45F45E0328B4EFAC00E381FE /* Preview Assets.xcassets */ = {isa = PBXFileReference; lastKnownFileType = folder.assetcatalog; path = "Preview Assets.xcassets"; sourceTree = "<group>"; };
/* End PBXFileReference section */

/* Begin PBXFrameworksBuildPhase section */
		45F45DF628B4EFAB00E381FE /* Frameworks */ = {
			isa = PBXFrameworksBuildPhase;
			buildActionMask = 2147483647;
			files = (
			);
			runOnlyForDeploymentPostprocessing = 0;
		};
/* End PBXFrameworksBuildPhase section */

/* Begin PBXGroup section */
		454FA26F28B4F0DA00EB9B53 /* View */ = {
			isa = PBXGroup;
			children = (
				454FA27B28B4FD6500EB9B53 /* AlbumListView.swift */,
			);
			path = View;
			sourceTree = "<group>";
		};
		454FA27028B4F0E700EB9B53 /* ViewModel */ = {
			isa = PBXGroup;
			children = (
				454FA27528B4F13600EB9B53 /* AlbumListViewModel.swift */,
			);
			path = ViewModel;
			sourceTree = "<group>";
		};
		454FA27128B4F0F700EB9B53 /* Model */ = {
			isa = PBXGroup;
			children = (
				454FA27228B4F10B00EB9B53 /* Album.swift */,
				454FA27728B4F8FE00EB9B53 /* Song.swift */,
				454FA27928B4F90800EB9B53 /* Movie.swift */,
			);
			path = Model;
			sourceTree = "<group>";
		};
		45F45DF028B4EFAB00E381FE = {
			isa = PBXGroup;
			children = (
				45F45DFB28B4EFAB00E381FE /* SwiftUI_iTunes */,
				45F45DFA28B4EFAB00E381FE /* Products */,
			);
			sourceTree = "<group>";
		};
		45F45DFA28B4EFAB00E381FE /* Products */ = {
			isa = PBXGroup;
			children = (
				45F45DF928B4EFAB00E381FE /* SwiftUI_iTunes.app */,
			);
			name = Products;
			sourceTree = "<group>";
		};
		45F45DFB28B4EFAB00E381FE /* SwiftUI_iTunes */ = {
			isa = PBXGroup;
			children = (
				45F45DFC28B4EFAB00E381FE /* SwiftUI_iTunesApp.swift */,
				45F45DFE28B4EFAB00E381FE /* ContentView.swift */,
				454FA26F28B4F0DA00EB9B53 /* View */,
				454FA27028B4F0E700EB9B53 /* ViewModel */,
				454FA27128B4F0F700EB9B53 /* Model */,
				45F45E0028B4EFAC00E381FE /* Assets.xcassets */,
				45F45E0228B4EFAC00E381FE /* Preview Content */,
			);
			path = SwiftUI_iTunes;
			sourceTree = "<group>";
		};
		45F45E0228B4EFAC00E381FE /* Preview Content */ = {
			isa = PBXGroup;
			children = (
				45F45E0328B4EFAC00E381FE /* Preview Assets.xcassets */,
			);
			path = "Preview Content";
			sourceTree = "<group>";
		};
/* End PBXGroup section */

/* Begin PBXNativeTarget section */
		45F45DF828B4EFAB00E381FE /* SwiftUI_iTunes */ = {
			isa = PBXNativeTarget;
			buildConfigurationList = 45F45E0728B4EFAC00E381FE /* Build configuration list for PBXNativeTarget "SwiftUI_iTunes" */;
			buildPhases = (
				45F45DF528B4EFAB00E381FE /* Sources */,
				45F45DF628B4EFAB00E381FE /* Frameworks */,
				45F45DF728B4EFAB00E381FE /* Resources */,
			);
			buildRules = (
			);
			dependencies = (
			);
			name = SwiftUI_iTunes;
			productName = SwiftUI_iTunes;
			productReference = 45F45DF928B4EFAB00E381FE /* SwiftUI_iTunes.app */;
			productType = "com.apple.product-type.application";
		};
/* End PBXNativeTarget section */

/* Begin PBXProject section */
		45F45DF128B4EFAB00E381FE /* Project object */ = {
			isa = PBXProject;
			attributes = {
				BuildIndependentTargetsInParallel = 1;
				LastSwiftUpdateCheck = 1340;
				LastUpgradeCheck = 1340;
				TargetAttributes = {
					45F45DF828B4EFAB00E381FE = {
						CreatedOnToolsVersion = 13.4.1;
					};
				};
			};
			buildConfigurationList = 45F45DF428B4EFAB00E381FE /* Build configuration list for PBXProject "SwiftUI_iTunes" */;
			compatibilityVersion = "Xcode 13.0";
			developmentRegion = en;
			hasScannedForEncodings = 0;
			knownRegions = (
				en,
				Base,
			);
			mainGroup = 45F45DF028B4EFAB00E381FE;
			productRefGroup = 45F45DFA28B4EFAB00E381FE /* Products */;
			projectDirPath = "";
			projectRoot = "";
			targets = (
				45F45DF828B4EFAB00E381FE /* SwiftUI_iTunes */,
			);
		};
/* End PBXProject section */

/* Begin PBXResourcesBuildPhase section */
		45F45DF728B4EFAB00E381FE /* Resources */ = {
			isa = PBXResourcesBuildPhase;
			buildActionMask = 2147483647;
			files = (
				45F45E0428B4EFAC00E381FE /* Preview Assets.xcassets in Resources */,
				45F45E0128B4EFAC00E381FE /* Assets.xcassets in Resources */,
			);
			runOnlyForDeploymentPostprocessing = 0;
		};
/* End PBXResourcesBuildPhase section */

/* Begin PBXSourcesBuildPhase section */
		45F45DF528B4EFAB00E381FE /* Sources */ = {
			isa = PBXSourcesBuildPhase;
			buildActionMask = 2147483647;
			files = (
				454FA27628B4F13600EB9B53 /* AlbumListViewModel.swift in Sources */,
				45F45DFF28B4EFAB00E381FE /* ContentView.swift in Sources */,
				454FA27A28B4F90800EB9B53 /* Movie.swift in Sources */,
				45F45DFD28B4EFAB00E381FE /* SwiftUI_iTunesApp.swift in Sources */,
				454FA27328B4F10B00EB9B53 /* Album.swift in Sources */,
				454FA27828B4F8FE00EB9B53 /* Song.swift in Sources */,
				454FA27C28B4FD6500EB9B53 /* AlbumListView.swift in Sources */,
			);
			runOnlyForDeploymentPostprocessing = 0;
		};
/* End PBXSourcesBuildPhase section */

/* Begin XCBuildConfiguration section */
		45F45E0528B4EFAC00E381FE /* Debug */ = {
			isa = XCBuildConfiguration;
			buildSettings = {
				ALWAYS_SEARCH_USER_PATHS = NO;
				CLANG_ANALYZER_NONNULL = YES;
				CLANG_ANALYZER_NUMBER_OBJECT_CONVERSION = YES_AGGRESSIVE;
				CLANG_CXX_LANGUAGE_STANDARD = "gnu++17";
				CLANG_ENABLE_MODULES = YES;
				CLANG_ENABLE_OBJC_ARC = YES;
				CLANG_ENABLE_OBJC_WEAK = YES;
				CLANG_WARN_BLOCK_CAPTURE_AUTORELEASING = YES;
				CLANG_WARN_BOOL_CONVERSION = YES;
				CLANG_WARN_COMMA = YES;
				CLANG_WARN_CONSTANT_CONVERSION = YES;
				CLANG_WARN_DEPRECATED_OBJC_IMPLEMENTATIONS = YES;
				CLANG_WARN_DIRECT_OBJC_ISA_USAGE = YES_ERROR;
				CLANG_WARN_DOCUMENTATION_COMMENTS = YES;
				CLANG_WARN_EMPTY_BODY = YES;
				CLANG_WARN_ENUM_CONVERSION = YES;
				CLANG_WARN_INFINITE_RECURSION = YES;
				CLANG_WARN_INT_CONVERSION = YES;
				CLANG_WARN_NON_LITERAL_NULL_CONVERSION = YES;
				CLANG_WARN_OBJC_IMPLICIT_RETAIN_SELF = YES;
				CLANG_WARN_OBJC_LITERAL_CONVERSION = YES;
				CLANG_WARN_OBJC_ROOT_CLASS = YES_ERROR;
				CLANG_WARN_QUOTED_INCLUDE_IN_FRAMEWORK_HEADER = YES;
				CLANG_WARN_RANGE_LOOP_ANALYSIS = YES;
				CLANG_WARN_STRICT_PROTOTYPES = YES;
				CLANG_WARN_SUSPICIOUS_MOVE = YES;
				CLANG_WARN_UNGUARDED_AVAILABILITY = YES_AGGRESSIVE;
				CLANG_WARN_UNREACHABLE_CODE = YES;
				CLANG_WARN__DUPLICATE_METHOD_MATCH = YES;
				COPY_PHASE_STRIP = NO;
				DEBUG_INFORMATION_FORMAT = dwarf;
				ENABLE_STRICT_OBJC_MSGSEND = YES;
				ENABLE_TESTABILITY = YES;
				GCC_C_LANGUAGE_STANDARD = gnu11;
				GCC_DYNAMIC_NO_PIC = NO;
				GCC_NO_COMMON_BLOCKS = YES;
				GCC_OPTIMIZATION_LEVEL = 0;
				GCC_PREPROCESSOR_DEFINITIONS = (
					"DEBUG=1",
					"$(inherited)",
				);
				GCC_WARN_64_TO_32_BIT_CONVERSION = YES;
				GCC_WARN_ABOUT_RETURN_TYPE = YES_ERROR;
				GCC_WARN_UNDECLARED_SELECTOR = YES;
				GCC_WARN_UNINITIALIZED_AUTOS = YES_AGGRESSIVE;
				GCC_WARN_UNUSED_FUNCTION = YES;
				GCC_WARN_UNUSED_VARIABLE = YES;
				IPHONEOS_DEPLOYMENT_TARGET = 15.5;
				MTL_ENABLE_DEBUG_INFO = INCLUDE_SOURCE;
				MTL_FAST_MATH = YES;
				ONLY_ACTIVE_ARCH = YES;
				SDKROOT = iphoneos;
				SWIFT_ACTIVE_COMPILATION_CONDITIONS = DEBUG;
				SWIFT_OPTIMIZATION_LEVEL = "-Onone";
			};
			name = Debug;
		};
		45F45E0628B4EFAC00E381FE /* Release */ = {
			isa = XCBuildConfiguration;
			buildSettings = {
				ALWAYS_SEARCH_USER_PATHS = NO;
				CLANG_ANALYZER_NONNULL = YES;
				CLANG_ANALYZER_NUMBER_OBJECT_CONVERSION = YES_AGGRESSIVE;
				CLANG_CXX_LANGUAGE_STANDARD = "gnu++17";
				CLANG_ENABLE_MODULES = YES;
				CLANG_ENABLE_OBJC_ARC = YES;
				CLANG_ENABLE_OBJC_WEAK = YES;
				CLANG_WARN_BLOCK_CAPTURE_AUTORELEASING = YES;
				CLANG_WARN_BOOL_CONVERSION = YES;
				CLANG_WARN_COMMA = YES;
				CLANG_WARN_CONSTANT_CONVERSION = YES;
				CLANG_WARN_DEPRECATED_OBJC_IMPLEMENTATIONS = YES;
				CLANG_WARN_DIRECT_OBJC_ISA_USAGE = YES_ERROR;
				CLANG_WARN_DOCUMENTATION_COMMENTS = YES;
				CLANG_WARN_EMPTY_BODY = YES;
				CLANG_WARN_ENUM_CONVERSION = YES;
				CLANG_WARN_INFINITE_RECURSION = YES;
				CLANG_WARN_INT_CONVERSION = YES;
				CLANG_WARN_NON_LITERAL_NULL_CONVERSION = YES;
				CLANG_WARN_OBJC_IMPLICIT_RETAIN_SELF = YES;
				CLANG_WARN_OBJC_LITERAL_CONVERSION = YES;
				CLANG_WARN_OBJC_ROOT_CLASS = YES_ERROR;
				CLANG_WARN_QUOTED_INCLUDE_IN_FRAMEWORK_HEADER = YES;
				CLANG_WARN_RANGE_LOOP_ANALYSIS = YES;
				CLANG_WARN_STRICT_PROTOTYPES = YES;
				CLANG_WARN_SUSPICIOUS_MOVE = YES;
				CLANG_WARN_UNGUARDED_AVAILABILITY = YES_AGGRESSIVE;
				CLANG_WARN_UNREACHABLE_CODE = YES;
				CLANG_WARN__DUPLICATE_METHOD_MATCH = YES;
				COPY_PHASE_STRIP = NO;
				DEBUG_INFORMATION_FORMAT = "dwarf-with-dsym";
				ENABLE_NS_ASSERTIONS = NO;
				ENABLE_STRICT_OBJC_MSGSEND = YES;
				GCC_C_LANGUAGE_STANDARD = gnu11;
				GCC_NO_COMMON_BLOCKS = YES;
				GCC_WARN_64_TO_32_BIT_CONVERSION = YES;
				GCC_WARN_ABOUT_RETURN_TYPE = YES_ERROR;
				GCC_WARN_UNDECLARED_SELECTOR = YES;
				GCC_WARN_UNINITIALIZED_AUTOS = YES_AGGRESSIVE;
				GCC_WARN_UNUSED_FUNCTION = YES;
				GCC_WARN_UNUSED_VARIABLE = YES;
				IPHONEOS_DEPLOYMENT_TARGET = 15.5;
				MTL_ENABLE_DEBUG_INFO = NO;
				MTL_FAST_MATH = YES;
				SDKROOT = iphoneos;
				SWIFT_COMPILATION_MODE = wholemodule;
				SWIFT_OPTIMIZATION_LEVEL = "-O";
				VALIDATE_PRODUCT = YES;
			};
			name = Release;
		};
		45F45E0828B4EFAC00E381FE /* Debug */ = {
			isa = XCBuildConfiguration;
			buildSettings = {
				ASSETCATALOG_COMPILER_APPICON_NAME = AppIcon;
				ASSETCATALOG_COMPILER_GLOBAL_ACCENT_COLOR_NAME = AccentColor;
				CODE_SIGN_STYLE = Automatic;
				CURRENT_PROJECT_VERSION = 1;
				DEVELOPMENT_ASSET_PATHS = "\"SwiftUI_iTunes/Preview Content\"";
				DEVELOPMENT_TEAM = 433LH3TNXX;
				ENABLE_PREVIEWS = YES;
				GENERATE_INFOPLIST_FILE = YES;
				INFOPLIST_KEY_UIApplicationSceneManifest_Generation = YES;
				INFOPLIST_KEY_UIApplicationSupportsIndirectInputEvents = YES;
				INFOPLIST_KEY_UILaunchScreen_Generation = YES;
				INFOPLIST_KEY_UISupportedInterfaceOrientations_iPad = "UIInterfaceOrientationPortrait UIInterfaceOrientationPortraitUpsideDown UIInterfaceOrientationLandscapeLeft UIInterfaceOrientationLandscapeRight";
				INFOPLIST_KEY_UISupportedInterfaceOrientations_iPhone = "UIInterfaceOrientationPortrait UIInterfaceOrientationLandscapeLeft UIInterfaceOrientationLandscapeRight";
				IPHONEOS_DEPLOYMENT_TARGET = 16.0;
				LD_RUNPATH_SEARCH_PATHS = (
					"$(inherited)",
					"@executable_path/Frameworks",
				);
				MARKETING_VERSION = 1.0;
				PRODUCT_BUNDLE_IDENTIFIER = "com.yeonBlue.SwiftUI-iTunes";
				PRODUCT_NAME = "$(TARGET_NAME)";
				SWIFT_EMIT_LOC_STRINGS = YES;
				SWIFT_VERSION = 5.0;
				TARGETED_DEVICE_FAMILY = "1,2";
			};
			name = Debug;
		};
		45F45E0928B4EFAC00E381FE /* Release */ = {
			isa = XCBuildConfiguration;
			buildSettings = {
				ASSETCATALOG_COMPILER_APPICON_NAME = AppIcon;
				ASSETCATALOG_COMPILER_GLOBAL_ACCENT_COLOR_NAME = AccentColor;
				CODE_SIGN_STYLE = Automatic;
				CURRENT_PROJECT_VERSION = 1;
				DEVELOPMENT_ASSET_PATHS = "\"SwiftUI_iTunes/Preview Content\"";
				DEVELOPMENT_TEAM = 433LH3TNXX;
				ENABLE_PREVIEWS = YES;
				GENERATE_INFOPLIST_FILE = YES;
				INFOPLIST_KEY_UIApplicationSceneManifest_Generation = YES;
				INFOPLIST_KEY_UIApplicationSupportsIndirectInputEvents = YES;
				INFOPLIST_KEY_UILaunchScreen_Generation = YES;
				INFOPLIST_KEY_UISupportedInterfaceOrientations_iPad = "UIInterfaceOrientationPortrait UIInterfaceOrientationPortraitUpsideDown UIInterfaceOrientationLandscapeLeft UIInterfaceOrientationLandscapeRight";
				INFOPLIST_KEY_UISupportedInterfaceOrientations_iPhone = "UIInterfaceOrientationPortrait UIInterfaceOrientationLandscapeLeft UIInterfaceOrientationLandscapeRight";
				IPHONEOS_DEPLOYMENT_TARGET = 16.0;
				LD_RUNPATH_SEARCH_PATHS = (
					"$(inherited)",
					"@executable_path/Frameworks",
				);
				MARKETING_VERSION = 1.0;
				PRODUCT_BUNDLE_IDENTIFIER = "com.yeonBlue.SwiftUI-iTunes";
				PRODUCT_NAME = "$(TARGET_NAME)";
				SWIFT_EMIT_LOC_STRINGS = YES;
				SWIFT_VERSION = 5.0;
				TARGETED_DEVICE_FAMILY = "1,2";
			};
			name = Release;
		};
/* End XCBuildConfiguration section */

/* Begin XCConfigurationList section */
		45F45DF428B4EFAB00E381FE /* Build configuration list for PBXProject "SwiftUI_iTunes" */ = {
			isa = XCConfigurationList;
			buildConfigurations = (
				45F45E0528B4EFAC00E381FE /* Debug */,
				45F45E0628B4EFAC00E381FE /* Release */,
			);
			defaultConfigurationIsVisible = 0;
			defaultConfigurationName = Release;
		};
		45F45E0728B4EFAC00E381FE /* Build configuration list for PBXNativeTarget "SwiftUI_iTunes" */ = {
			isa = XCConfigurationList;
			buildConfigurations = (
				45F45E0828B4EFAC00E381FE /* Debug */,
				45F45E0928B4EFAC00E381FE /* Release */,
			);
			defaultConfigurationIsVisible = 0;
			defaultConfigurationName = Release;
		};
/* End XCConfigurationList section */
	};
	rootObject = 45F45DF128B4EFAB00E381FE /* Project object */;
}
